// !$*UTF8*$!
{
	archiveVersion = 1;
	classes = {
	};
	objectVersion = 46;
	objects = {

/* Begin PBXBuildFile section */
		D0BF59371F2179670088F24F /* AppDelegate.swift in Sources */ = {isa = PBXBuildFile; fileRef = D0BF59361F2179670088F24F /* AppDelegate.swift */; };
		D0BF59391F2179670088F24F /* ViewController.swift in Sources */ = {isa = PBXBuildFile; fileRef = D0BF59381F2179670088F24F /* ViewController.swift */; };
		D0BF593C1F2179670088F24F /* Main.storyboard in Resources */ = {isa = PBXBuildFile; fileRef = D0BF593A1F2179670088F24F /* Main.storyboard */; };
		D0BF593F1F2179670088F24F /* Datepicker_Practice.xcdatamodeld in Sources */ = {isa = PBXBuildFile; fileRef = D0BF593D1F2179670088F24F /* Datepicker_Practice.xcdatamodeld */; };
		D0BF59411F2179670088F24F /* Assets.xcassets in Resources */ = {isa = PBXBuildFile; fileRef = D0BF59401F2179670088F24F /* Assets.xcassets */; };
		D0BF59441F2179670088F24F /* LaunchScreen.storyboard in Resources */ = {isa = PBXBuildFile; fileRef = D0BF59421F2179670088F24F /* LaunchScreen.storyboard */; };
		D0BF594D1F2188E20088F24F /* PickerData.swift in Sources */ = {isa = PBXBuildFile; fileRef = D0BF594C1F2188E20088F24F /* PickerData.swift */; };
/* End PBXBuildFile section */

/* Begin PBXFileReference section */
		D0BF59331F2179670088F24F /* Datepicker Practice.app */ = {isa = PBXFileReference; explicitFileType = wrapper.application; includeInIndex = 0; path = "Datepicker Practice.app"; sourceTree = BUILT_PRODUCTS_DIR; };
		D0BF59361F2179670088F24F /* AppDelegate.swift */ = {isa = PBXFileReference; lastKnownFileType = sourcecode.swift; path = AppDelegate.swift; sourceTree = "<group>"; };
		D0BF59381F2179670088F24F /* ViewController.swift */ = {isa = PBXFileReference; lastKnownFileType = sourcecode.swift; path = ViewController.swift; sourceTree = "<group>"; };
		D0BF593B1F2179670088F24F /* Base */ = {isa = PBXFileReference; lastKnownFileType = file.storyboard; name = Base; path = Base.lproj/Main.storyboard; sourceTree = "<group>"; };
		D0BF593E1F2179670088F24F /* Datepicker_Practice.xcdatamodel */ = {isa = PBXFileReference; lastKnownFileType = wrapper.xcdatamodel; path = Datepicker_Practice.xcdatamodel; sourceTree = "<group>"; };
		D0BF59401F2179670088F24F /* Assets.xcassets */ = {isa = PBXFileReference; lastKnownFileType = folder.assetcatalog; path = Assets.xcassets; sourceTree = "<group>"; };
		D0BF59431F2179670088F24F /* Base */ = {isa = PBXFileReference; lastKnownFileType = file.storyboard; name = Base; path = Base.lproj/LaunchScreen.storyboard; sourceTree = "<group>"; };
		D0BF59451F2179670088F24F /* Info.plist */ = {isa = PBXFileReference; lastKnownFileType = text.plist.xml; path = Info.plist; sourceTree = "<group>"; };
		D0BF594C1F2188E20088F24F /* PickerData.swift */ = {isa = PBXFileReference; fileEncoding = 4; lastKnownFileType = sourcecode.swift; path = PickerData.swift; sourceTree = "<group>"; };
/* End PBXFileReference section */

/* Begin PBXFrameworksBuildPhase section */
		D0BF59301F2179670088F24F /* Frameworks */ = {
			isa = PBXFrameworksBuildPhase;
			buildActionMask = 2147483647;
			files = (
			);
			runOnlyForDeploymentPostprocessing = 0;
		};
/* End PBXFrameworksBuildPhase section */

/* Begin PBXGroup section */
		D0BF592A1F2179670088F24F = {
			isa = PBXGroup;
			children = (
				D0BF594B1F2188C80088F24F /* Models */,
				D0BF59351F2179670088F24F /* Datepicker Practice */,
				D0BF59341F2179670088F24F /* Products */,
			);
			sourceTree = "<group>";
		};
		D0BF59341F2179670088F24F /* Products */ = {
			isa = PBXGroup;
			children = (
				D0BF59331F2179670088F24F /* Datepicker Practice.app */,
			);
			name = Products;
			sourceTree = "<group>";
		};
		D0BF59351F2179670088F24F /* Datepicker Practice */ = {
			isa = PBXGroup;
			children = (
				D0BF59361F2179670088F24F /* AppDelegate.swift */,
				D0BF59381F2179670088F24F /* ViewController.swift */,
				D0BF593A1F2179670088F24F /* Main.storyboard */,
				D0BF59401F2179670088F24F /* Assets.xcassets */,
				D0BF59421F2179670088F24F /* LaunchScreen.storyboard */,
				D0BF59451F2179670088F24F /* Info.plist */,
				D0BF593D1F2179670088F24F /* Datepicker_Practice.xcdatamodeld */,
			);
			path = "Datepicker Practice";
			sourceTree = "<group>";
		};
		D0BF594B1F2188C80088F24F /* Models */ = {
			isa = PBXGroup;
			children = (
				D0BF594C1F2188E20088F24F /* PickerData.swift */,
			);
			name = Models;
			sourceTree = "<group>";
		};
/* End PBXGroup section */

/* Begin PBXNativeTarget section */
		D0BF59321F2179670088F24F /* Datepicker Practice */ = {
			isa = PBXNativeTarget;
			buildConfigurationList = D0BF59481F2179670088F24F /* Build configuration list for PBXNativeTarget "Datepicker Practice" */;
			buildPhases = (
				D0BF592F1F2179670088F24F /* Sources */,
				D0BF59301F2179670088F24F /* Frameworks */,
				D0BF59311F2179670088F24F /* Resources */,
			);
			buildRules = (
			);
			dependencies = (
			);
			name = "Datepicker Practice";
			productName = "Datepicker Practice";
			productReference = D0BF59331F2179670088F24F /* Datepicker Practice.app */;
			productType = "com.apple.product-type.application";
		};
/* End PBXNativeTarget section */

/* Begin PBXProject section */
		D0BF592B1F2179670088F24F /* Project object */ = {
			isa = PBXProject;
			attributes = {
				LastSwiftUpdateCheck = 0830;
				LastUpgradeCheck = 0830;
				ORGANIZATIONNAME = SateekLambton;
				TargetAttributes = {
					D0BF59321F2179670088F24F = {
						CreatedOnToolsVersion = 8.3.3;
						ProvisioningStyle = Automatic;
					};
				};
			};
			buildConfigurationList = D0BF592E1F2179670088F24F /* Build configuration list for PBXProject "Datepicker Practice" */;
			compatibilityVersion = "Xcode 3.2";
			developmentRegion = English;
			hasScannedForEncodings = 0;
			knownRegions = (
				en,
				Base,
			);
			mainGroup = D0BF592A1F2179670088F24F;
			productRefGroup = D0BF59341F2179670088F24F /* Products */;
			projectDirPath = "";
			projectRoot = "";
			targets = (
				D0BF59321F2179670088F24F /* Datepicker Practice */,
			);
		};
/* End PBXProject section */

/* Begin PBXResourcesBuildPhase section */
		D0BF59311F2179670088F24F /* Resources */ = {
			isa = PBXResourcesBuildPhase;
			buildActionMask = 2147483647;
			files = (
				D0BF59441F2179670088F24F /* LaunchScreen.storyboard in Resources */,
				D0BF59411F2179670088F24F /* Assets.xcassets in Resources */,
				D0BF593C1F2179670088F24F /* Main.storyboard in Resources */,
			);
			runOnlyForDeploymentPostprocessing = 0;
		};
/* End PBXResourcesBuildPhase section */

/* Begin PBXSourcesBuildPhase section */
		D0BF592F1F2179670088F24F /* Sources */ = {
			isa = PBXSourcesBuildPhase;
			buildActionMask = 2147483647;
			files = (
				D0BF59391F2179670088F24F /* ViewController.swift in Sources */,
				D0BF593F1F2179670088F24F /* Datepicker_Practice.xcdatamodeld in Sources */,
				D0BF59371F2179670088F24F /* AppDelegate.swift in Sources */,
				D0BF594D1F2188E20088F24F /* PickerData.swift in Sources */,
			);
			runOnlyForDeploymentPostprocessing = 0;
		};
/* End PBXSourcesBuildPhase section */

/* Begin PBXVariantGroup section */
		D0BF593A1F2179670088F24F /* Main.storyboard */ = {
			isa = PBXVariantGroup;
			children = (
				D0BF593B1F2179670088F24F /* Base */,
			);
			name = Main.storyboard;
			sourceTree = "<group>";
		};
		D0BF59421F2179670088F24F /* LaunchScreen.storyboard */ = {
			isa = PBXVariantGroup;
			children = (
				D0BF59431F2179670088F24F /* Base */,
			);
			name = LaunchScreen.storyboard;
			sourceTree = "<group>";
		};
/* End PBXVariantGroup section */

/* Begin XCBuildConfiguration section */
		D0BF59461F2179670088F24F /* Debug */ = {
			isa = XCBuildConfiguration;
			buildSettings = {
				ALWAYS_SEARCH_USER_PATHS = NO;
				CLANG_ANALYZER_NONNULL = YES;
				CLANG_ANALYZER_NUMBER_OBJECT_CONVERSION = YES_AGGRESSIVE;
				CLANG_CXX_LANGUAGE_STANDARD = "gnu++0x";
				CLANG_CXX_LIBRARY = "libc++";
				CLANG_ENABLE_MODULES = YES;
				CLANG_ENABLE_OBJC_ARC = YES;
				CLANG_WARN_BOOL_CONVERSION = YES;
				CLANG_WARN_CONSTANT_CONVERSION = YES;
				CLANG_WARN_DIRECT_OBJC_ISA_USAGE = YES_ERROR;
				CLANG_WARN_DOCUMENTATION_COMMENTS = YES;
				CLANG_WARN_EMPTY_BODY = YES;
				CLANG_WARN_ENUM_CONVERSION = YES;
				CLANG_WARN_INFINITE_RECURSION = YES;
				CLANG_WARN_INT_CONVERSION = YES;
				CLANG_WARN_OBJC_ROOT_CLASS = YES_ERROR;
				CLANG_WARN_SUSPICIOUS_MOVE = YES;
				CLANG_WARN_UNREACHABLE_CODE = YES;
				CLANG_WARN__DUPLICATE_METHOD_MATCH = YES;
				"CODE_SIGN_IDENTITY[sdk=iphoneos*]" = "iPhone Developer";
				COPY_PHASE_STRIP = NO;
				DEBUG_INFORMATION_FORMAT = dwarf;
				ENABLE_STRICT_OBJC_MSGSEND = YES;
				ENABLE_TESTABILITY = YES;
				GCC_C_LANGUAGE_STANDARD = gnu99;
				GCC_DYNAMIC_NO_PIC = NO;
				GCC_NO_COMMON_BLOCKS = YES;
				GCC_OPTIMIZATION_LEVEL = 0;
				GCC_PREPROCESSOR_DEFINITIONS = (
					"DEBUG=1",
					"$(inherited)",
				);
				GCC_WARN_64_TO_32_BIT_CONVERSION = YES;
				GCC_WARN_ABOUT_RETURN_TYPE = YES_ERROR;
				GCC_WARN_UNDECLARED_SELECTOR = YES;
				GCC_WARN_UNINITIALIZED_AUTOS = YES_AGGRESSIVE;
				GCC_WARN_UNUSED_FUNCTION = YES;
				GCC_WARN_UNUSED_VARIABLE = YES;
				IPHONEOS_DEPLOYMENT_TARGET = 10.3;
				MTL_ENABLE_DEBUG_INFO = YES;
				ONLY_ACTIVE_ARCH = YES;
				SDKROOT = iphoneos;
				SWIFT_ACTIVE_COMPILATION_CONDITIONS = DEBUG;
				SWIFT_OPTIMIZATION_LEVEL = "-Onone";
				TARGETED_DEVICE_FAMILY = "1,2";
			};
			name = Debug;
		};
		D0BF59471F2179670088F24F /* Release */ = {
			isa = XCBuildConfiguration;
			buildSettings = {
				ALWAYS_SEARCH_USER_PATHS = NO;
				CLANG_ANALYZER_NONNULL = YES;
				CLANG_ANALYZER_NUMBER_OBJECT_CONVERSION = YES_AGGRESSIVE;
				CLANG_CXX_LANGUAGE_STANDARD = "gnu++0x";
				CLANG_CXX_LIBRARY = "libc++";
				CLANG_ENABLE_MODULES = YES;
				CLANG_ENABLE_OBJC_ARC = YES;
				CLANG_WARN_BOOL_CONVERSION = YES;
				CLANG_WARN_CONSTANT_CONVERSION = YES;
				CLANG_WARN_DIRECT_OBJC_ISA_USAGE = YES_ERROR;
				CLANG_WARN_DOCUMENTATION_COMMENTS = YES;
				CLANG_WARN_EMPTY_BODY = YES;
				CLANG_WARN_ENUM_CONVERSION = YES;
				CLANG_WARN_INFINITE_RECURSION = YES;
				CLANG_WARN_INT_CONVERSION = YES;
				CLANG_WARN_OBJC_ROOT_CLASS = YES_ERROR;
				CLANG_WARN_SUSPICIOUS_MOVE = YES;
				CLANG_WARN_UNREACHABLE_CODE = YES;
				CLANG_WARN__DUPLICATE_METHOD_MATCH = YES;
				"CODE_SIGN_IDENTITY[sdk=iphoneos*]" = "iPhone Developer";
				COPY_PHASE_STRIP = NO;
				DEBUG_INFORMATION_FORMAT = "dwarf-with-dsym";
				ENABLE_NS_ASSERTIONS = NO;
				ENABLE_STRICT_OBJC_MSGSEND = YES;
				GCC_C_LANGUAGE_STANDARD = gnu99;
				GCC_NO_COMMON_BLOCKS = YES;
				GCC_WARN_64_TO_32_BIT_CONVERSION = YES;
				GCC_WARN_ABOUT_RETURN_TYPE = YES_ERROR;
				GCC_WARN_UNDECLARED_SELECTOR = YES;
				GCC_WARN_UNINITIALIZED_AUTOS = YES_AGGRESSIVE;
				GCC_WARN_UNUSED_FUNCTION = YES;
				GCC_WARN_UNUSED_VARIABLE = YES;
				IPHONEOS_DEPLOYMENT_TARGET = 10.3;
				MTL_ENABLE_DEBUG_INFO = NO;
				SDKROOT = iphoneos;
				SWIFT_OPTIMIZATION_LEVEL = "-Owholemodule";
				TARGETED_DEVICE_FAMILY = "1,2";
				VALIDATE_PRODUCT = YES;
			};
			name = Release;
		};
		D0BF59491F2179670088F24F /* Debug */ = {
			isa = XCBuildConfiguration;
			buildSettings = {
				ASSETCATALOG_COMPILER_APPICON_NAME = AppIcon;
				INFOPLIST_FILE = "Datepicker Practice/Info.plist";
				LD_RUNPATH_SEARCH_PATHS = "$(inherited) @executable_path/Frameworks";
				PRODUCT_BUNDLE_IDENTIFIER = "com.SateekLambton.Datepicker-Practice";
				PRODUCT_NAME = "$(TARGET_NAME)";
				SWIFT_VERSION = 3.0;
			};
			name = Debug;
		};
		D0BF594A1F2179670088F24F /* Release */ = {
			isa = XCBuildConfiguration;
			buildSettings = {
				ASSETCATALOG_COMPILER_APPICON_NAME = AppIcon;
				INFOPLIST_FILE = "Datepicker Practice/Info.plist";
				LD_RUNPATH_SEARCH_PATHS = "$(inherited) @executable_path/Frameworks";
				PRODUCT_BUNDLE_IDENTIFIER = "com.SateekLambton.Datepicker-Practice";
				PRODUCT_NAME = "$(TARGET_NAME)";
				SWIFT_VERSION = 3.0;
			};
			name = Release;
		};
/* End XCBuildConfiguration section */

/* Begin XCConfigurationList section */
		D0BF592E1F2179670088F24F /* Build configuration list for PBXProject "Datepicker Practice" */ = {
			isa = XCConfigurationList;
			buildConfigurations = (
				D0BF59461F2179670088F24F /* Debug */,
				D0BF59471F2179670088F24F /* Release */,
			);
			defaultConfigurationIsVisible = 0;
			defaultConfigurationName = Release;
		};
		D0BF59481F2179670088F24F /* Build configuration list for PBXNativeTarget "Datepicker Practice" */ = {
			isa = XCConfigurationList;
			buildConfigurations = (
				D0BF59491F2179670088F24F /* Debug */,
				D0BF594A1F2179670088F24F /* Release */,
			);
			defaultConfigurationIsVisible = 0;
		};
/* End XCConfigurationList section */

/* Begin XCVersionGroup section */
		D0BF593D1F2179670088F24F /* Datepicker_Practice.xcdatamodeld */ = {
			isa = XCVersionGroup;
			children = (
				D0BF593E1F2179670088F24F /* Datepicker_Practice.xcdatamodel */,
			);
			currentVersion = D0BF593E1F2179670088F24F /* Datepicker_Practice.xcdatamodel */;
			path = Datepicker_Practice.xcdatamodeld;
			sourceTree = "<group>";
			versionGroupType = wrapper.xcdatamodel;
		};
/* End XCVersionGroup section */
	};
	rootObject = D0BF592B1F2179670088F24F /* Project object */;
}
